{
  "name": "project-name",
  "version": "1.0.0",
  "lockfileVersion": 3,
  "requires": true,
  "packages": {
    "": {
      "name": "project-name",
      "version": "1.0.0",
      "devDependencies": {
        "live-server": "^1.2.1"
      }
    },
    "node_modules/live-server": {
      "version": "1.2.1",
      "resolved": "https://registry.npmjs.org/live-server/-/live-server-1.2.1.tgz",
      "integrity": "sha512-some-random-hash",
      "dev": true,
      "bin": {
        "live-server": "live-server.js"
      }
    }
  },
  "dependencies": {},
  "devDependencies": {
    "live-server": {
      "version": "1.2.1",
      "resolved": "https://registry.npmjs.org/live-server/-/live-server-1.2.1.tgz",
      "integrity": "sha512-some-random-hash"
    }
  }
}
